// !$*UTF8*$!
{
	archiveVersion = 1;
	classes = {
	};
	objectVersion = 48;
	objects = {

/* Begin PBXBuildFile section */
		22A757FB202DF65F00BC6DA5 /* main.swift in Sources */ = {isa = PBXBuildFile; fileRef = 22A757FA202DF65F00BC6DA5 /* main.swift */; };
		22A75802202DF6AF00BC6DA5 /* error_list.swift in Sources */ = {isa = PBXBuildFile; fileRef = 22A75801202DF6AF00BC6DA5 /* error_list.swift */; };
		22A75804202DF6F900BC6DA5 /* processing.swift in Sources */ = {isa = PBXBuildFile; fileRef = 22A75803202DF6F900BC6DA5 /* processing.swift */; };
/* End PBXBuildFile section */

/* Begin PBXCopyFilesBuildPhase section */
		22A757F5202DF65F00BC6DA5 /* CopyFiles */ = {
			isa = PBXCopyFilesBuildPhase;
			buildActionMask = 2147483647;
			dstPath = /usr/share/man/man1/;
			dstSubfolderSpec = 0;
			files = (
			);
			runOnlyForDeploymentPostprocessing = 1;
		};
/* End PBXCopyFilesBuildPhase section */

/* Begin PBXFileReference section */
		22A757F7202DF65F00BC6DA5 /* Day_10_Daily_Task */ = {isa = PBXFileReference; explicitFileType = "compiled.mach-o.executable"; includeInIndex = 0; path = Day_10_Daily_Task; sourceTree = BUILT_PRODUCTS_DIR; };
		22A757FA202DF65F00BC6DA5 /* main.swift */ = {isa = PBXFileReference; lastKnownFileType = sourcecode.swift; path = main.swift; sourceTree = "<group>"; };
		22A75801202DF6AF00BC6DA5 /* error_list.swift */ = {isa = PBXFileReference; lastKnownFileType = sourcecode.swift; path = error_list.swift; sourceTree = "<group>"; };
		22A75803202DF6F900BC6DA5 /* processing.swift */ = {isa = PBXFileReference; lastKnownFileType = sourcecode.swift; path = processing.swift; sourceTree = "<group>"; };
/* End PBXFileReference section */

/* Begin PBXFrameworksBuildPhase section */
		22A757F4202DF65F00BC6DA5 /* Frameworks */ = {
			isa = PBXFrameworksBuildPhase;
			buildActionMask = 2147483647;
			files = (
			);
			runOnlyForDeploymentPostprocessing = 0;
		};
/* End PBXFrameworksBuildPhase section */

/* Begin PBXGroup section */
		22A757EE202DF65F00BC6DA5 = {
			isa = PBXGroup;
			children = (
				22A757F9202DF65F00BC6DA5 /* Day_10_Daily_Task */,
				22A757F8202DF65F00BC6DA5 /* Products */,
			);
			sourceTree = "<group>";
		};
		22A757F8202DF65F00BC6DA5 /* Products */ = {
			isa = PBXGroup;
			children = (
				22A757F7202DF65F00BC6DA5 /* Day_10_Daily_Task */,
			);
			name = Products;
			sourceTree = "<group>";
		};
		22A757F9202DF65F00BC6DA5 /* Day_10_Daily_Task */ = {
			isa = PBXGroup;
			children = (
				22A757FA202DF65F00BC6DA5 /* main.swift */,
				22A75801202DF6AF00BC6DA5 /* error_list.swift */,
				22A75803202DF6F900BC6DA5 /* processing.swift */,
			);
			path = Day_10_Daily_Task;
			sourceTree = "<group>";
		};
/* End PBXGroup section */

/* Begin PBXNativeTarget section */
		22A757F6202DF65F00BC6DA5 /* Day_10_Daily_Task */ = {
			isa = PBXNativeTarget;
			buildConfigurationList = 22A757FE202DF65F00BC6DA5 /* Build configuration list for PBXNativeTarget "Day_10_Daily_Task" */;
			buildPhases = (
				22A757F3202DF65F00BC6DA5 /* Sources */,
				22A757F4202DF65F00BC6DA5 /* Frameworks */,
				22A757F5202DF65F00BC6DA5 /* CopyFiles */,
			);
			buildRules = (
			);
			dependencies = (
			);
			name = Day_10_Daily_Task;
			productName = Day_10_Daily_Task;
			productReference = 22A757F7202DF65F00BC6DA5 /* Day_10_Daily_Task */;
			productType = "com.apple.product-type.tool";
		};
/* End PBXNativeTarget section */

/* Begin PBXProject section */
		22A757EF202DF65F00BC6DA5 /* Project object */ = {
			isa = PBXProject;
			attributes = {
				LastSwiftUpdateCheck = 0920;
				LastUpgradeCheck = 0920;
				ORGANIZATIONNAME = "Sreejith Thrivikraman";
				TargetAttributes = {
					22A757F6202DF65F00BC6DA5 = {
						CreatedOnToolsVersion = 9.2;
						ProvisioningStyle = Automatic;
					};
				};
			};
			buildConfigurationList = 22A757F2202DF65F00BC6DA5 /* Build configuration list for PBXProject "Day_10_Daily_Task" */;
			compatibilityVersion = "Xcode 8.0";
			developmentRegion = en;
			hasScannedForEncodings = 0;
			knownRegions = (
				en,
			);
			mainGroup = 22A757EE202DF65F00BC6DA5;
			productRefGroup = 22A757F8202DF65F00BC6DA5 /* Products */;
			projectDirPath = "";
			projectRoot = "";
			targets = (
				22A757F6202DF65F00BC6DA5 /* Day_10_Daily_Task */,
			);
		};
/* End PBXProject section */

/* Begin PBXSourcesBuildPhase section */
		22A757F3202DF65F00BC6DA5 /* Sources */ = {
			isa = PBXSourcesBuildPhase;
			buildActionMask = 2147483647;
			files = (
				22A75802202DF6AF00BC6DA5 /* error_list.swift in Sources */,
				22A757FB202DF65F00BC6DA5 /* main.swift in Sources */,
				22A75804202DF6F900BC6DA5 /* processing.swift in Sources */,
			);
			runOnlyForDeploymentPostprocessing = 0;
		};
/* End PBXSourcesBuildPhase section */

/* Begin XCBuildConfiguration section */
		22A757FC202DF65F00BC6DA5 /* Debug */ = {
			isa = XCBuildConfiguration;
			buildSettings = {
				ALWAYS_SEARCH_USER_PATHS = NO;
				CLANG_ANALYZER_NONNULL = YES;
				CLANG_ANALYZER_NUMBER_OBJECT_CONVERSION = YES_AGGRESSIVE;
				CLANG_CXX_LANGUAGE_STANDARD = "gnu++14";
				CLANG_CXX_LIBRARY = "libc++";
				CLANG_ENABLE_MODULES = YES;
				CLANG_ENABLE_OBJC_ARC = YES;
				CLANG_WARN_BLOCK_CAPTURE_AUTORELEASING = YES;
				CLANG_WARN_BOOL_CONVERSION = YES;
				CLANG_WARN_COMMA = YES;
				CLANG_WARN_CONSTANT_CONVERSION = YES;
				CLANG_WARN_DIRECT_OBJC_ISA_USAGE = YES_ERROR;
				CLANG_WARN_DOCUMENTATION_COMMENTS = YES;
				CLANG_WARN_EMPTY_BODY = YES;
				CLANG_WARN_ENUM_CONVERSION = YES;
				CLANG_WARN_INFINITE_RECURSION = YES;
				CLANG_WARN_INT_CONVERSION = YES;
				CLANG_WARN_NON_LITERAL_NULL_CONVERSION = YES;
				CLANG_WARN_OBJC_LITERAL_CONVERSION = YES;
				CLANG_WARN_OBJC_ROOT_CLASS = YES_ERROR;
				CLANG_WARN_RANGE_LOOP_ANALYSIS = YES;
				CLANG_WARN_STRICT_PROTOTYPES = YES;
				CLANG_WARN_SUSPICIOUS_MOVE = YES;
				CLANG_WARN_UNGUARDED_AVAILABILITY = YES_AGGRESSIVE;
				CLANG_WARN_UNREACHABLE_CODE = YES;
				CLANG_WARN__DUPLICATE_METHOD_MATCH = YES;
				CODE_SIGN_IDENTITY = "-";
				COPY_PHASE_STRIP = NO;
				DEBUG_INFORMATION_FORMAT = dwarf;
				ENABLE_STRICT_OBJC_MSGSEND = YES;
				ENABLE_TESTABILITY = YES;
				GCC_C_LANGUAGE_STANDARD = gnu11;
				GCC_DYNAMIC_NO_PIC = NO;
				GCC_NO_COMMON_BLOCKS = YES;
				GCC_OPTIMIZATION_LEVEL = 0;
				GCC_PREPROCESSOR_DEFINITIONS = (
					"DEBUG=1",
					"$(inherited)",
				);
				GCC_WARN_64_TO_32_BIT_CONVERSION = YES;
				GCC_WARN_ABOUT_RETURN_TYPE = YES_ERROR;
				GCC_WARN_UNDECLARED_SELECTOR = YES;
				GCC_WARN_UNINITIALIZED_AUTOS = YES_AGGRESSIVE;
				GCC_WARN_UNUSED_FUNCTION = YES;
				GCC_WARN_UNUSED_VARIABLE = YES;
				MACOSX_DEPLOYMENT_TARGET = 10.13;
				MTL_ENABLE_DEBUG_INFO = YES;
				ONLY_ACTIVE_ARCH = YES;
				SDKROOT = macosx;
				SWIFT_ACTIVE_COMPILATION_CONDITIONS = DEBUG;
				SWIFT_OPTIMIZATION_LEVEL = "-Onone";
			};
			name = Debug;
		};
		22A757FD202DF65F00BC6DA5 /* Release */ = {
			isa = XCBuildConfiguration;
			buildSettings = {
				ALWAYS_SEARCH_USER_PATHS = NO;
				CLANG_ANALYZER_NONNULL = YES;
				CLANG_ANALYZER_NUMBER_OBJECT_CONVERSION = YES_AGGRESSIVE;
				CLANG_CXX_LANGUAGE_STANDARD = "gnu++14";
				CLANG_CXX_LIBRARY = "libc++";
				CLANG_ENABLE_MODULES = YES;
				CLANG_ENABLE_OBJC_ARC = YES;
				CLANG_WARN_BLOCK_CAPTURE_AUTORELEASING = YES;
				CLANG_WARN_BOOL_CONVERSION = YES;
				CLANG_WARN_COMMA = YES;
				CLANG_WARN_CONSTANT_CONVERSION = YES;
				CLANG_WARN_DIRECT_OBJC_ISA_USAGE = YES_ERROR;
				CLANG_WARN_DOCUMENTATION_COMMENTS = YES;
				CLANG_WARN_EMPTY_BODY = YES;
				CLANG_WARN_ENUM_CONVERSION = YES;
				CLANG_WARN_INFINITE_RECURSION = YES;
				CLANG_WARN_INT_CONVERSION = YES;
				CLANG_WARN_NON_LITERAL_NULL_CONVERSION = YES;
				CLANG_WARN_OBJC_LITERAL_CONVERSION = YES;
				CLANG_WARN_OBJC_ROOT_CLASS = YES_ERROR;
				CLANG_WARN_RANGE_LOOP_ANALYSIS = YES;
				CLANG_WARN_STRICT_PROTOTYPES = YES;
				CLANG_WARN_SUSPICIOUS_MOVE = YES;
				CLANG_WARN_UNGUARDED_AVAILABILITY = YES_AGGRESSIVE;
				CLANG_WARN_UNREACHABLE_CODE = YES;
				CLANG_WARN__DUPLICATE_METHOD_MATCH = YES;
				CODE_SIGN_IDENTITY = "-";
				COPY_PHASE_STRIP = NO;
				DEBUG_INFORMATION_FORMAT = "dwarf-with-dsym";
				ENABLE_NS_ASSERTIONS = NO;
				ENABLE_STRICT_OBJC_MSGSEND = YES;
				GCC_C_LANGUAGE_STANDARD = gnu11;
				GCC_NO_COMMON_BLOCKS = YES;
				GCC_WARN_64_TO_32_BIT_CONVERSION = YES;
				GCC_WARN_ABOUT_RETURN_TYPE = YES_ERROR;
				GCC_WARN_UNDECLARED_SELECTOR = YES;
				GCC_WARN_UNINITIALIZED_AUTOS = YES_AGGRESSIVE;
				GCC_WARN_UNUSED_FUNCTION = YES;
				GCC_WARN_UNUSED_VARIABLE = YES;
				MACOSX_DEPLOYMENT_TARGET = 10.13;
				MTL_ENABLE_DEBUG_INFO = NO;
				SDKROOT = macosx;
				SWIFT_OPTIMIZATION_LEVEL = "-Owholemodule";
			};
			name = Release;
		};
		22A757FF202DF65F00BC6DA5 /* Debug */ = {
			isa = XCBuildConfiguration;
			buildSettings = {
				CODE_SIGN_STYLE = Automatic;
				PRODUCT_NAME = "$(TARGET_NAME)";
				SWIFT_VERSION = 4.0;
			};
			name = Debug;
		};
		22A75800202DF65F00BC6DA5 /* Release */ = {
			isa = XCBuildConfiguration;
			buildSettings = {
				CODE_SIGN_STYLE = Automatic;
				PRODUCT_NAME = "$(TARGET_NAME)";
				SWIFT_VERSION = 4.0;
			};
			name = Release;
		};
/* End XCBuildConfiguration section */

/* Begin XCConfigurationList section */
		22A757F2202DF65F00BC6DA5 /* Build configuration list for PBXProject "Day_10_Daily_Task" */ = {
			isa = XCConfigurationList;
			buildConfigurations = (
				22A757FC202DF65F00BC6DA5 /* Debug */,
				22A757FD202DF65F00BC6DA5 /* Release */,
			);
			defaultConfigurationIsVisible = 0;
			defaultConfigurationName = Release;
		};
		22A757FE202DF65F00BC6DA5 /* Build configuration list for PBXNativeTarget "Day_10_Daily_Task" */ = {
			isa = XCConfigurationList;
			buildConfigurations = (
				22A757FF202DF65F00BC6DA5 /* Debug */,
				22A75800202DF65F00BC6DA5 /* Release */,
			);
			defaultConfigurationIsVisible = 0;
			defaultConfigurationName = Release;
		};
/* End XCConfigurationList section */
	};
	rootObject = 22A757EF202DF65F00BC6DA5 /* Project object */;
}
